// !$*UTF8*$!
{
	archiveVersion = 1;
	classes = {
	};
	objectVersion = 55;
	objects = {

/* Begin PBXBuildFile section */
		76C15882281A9B9600CEA66F /* AppDelegate.swift in Sources */ = {isa = PBXBuildFile; fileRef = 76C15881281A9B9600CEA66F /* AppDelegate.swift */; };
		76C15884281A9B9600CEA66F /* SceneDelegate.swift in Sources */ = {isa = PBXBuildFile; fileRef = 76C15883281A9B9600CEA66F /* SceneDelegate.swift */; };
		76C15886281A9B9600CEA66F /* WatchListViewController.swift in Sources */ = {isa = PBXBuildFile; fileRef = 76C15885281A9B9600CEA66F /* WatchListViewController.swift */; };
		76C1588B281A9B9800CEA66F /* Assets.xcassets in Resources */ = {isa = PBXBuildFile; fileRef = 76C1588A281A9B9800CEA66F /* Assets.xcassets */; };
		76C1588E281A9B9800CEA66F /* LaunchScreen.storyboard in Resources */ = {isa = PBXBuildFile; fileRef = 76C1588C281A9B9800CEA66F /* LaunchScreen.storyboard */; };
		76C1589B281AA55500CEA66F /* TopStoriesNewsViewController.swift in Sources */ = {isa = PBXBuildFile; fileRef = 76C1589A281AA55500CEA66F /* TopStoriesNewsViewController.swift */; };
		76C1589D281AA57100CEA66F /* SearchResultViewController.swift in Sources */ = {isa = PBXBuildFile; fileRef = 76C1589C281AA57100CEA66F /* SearchResultViewController.swift */; };
		76C1589F281AA58800CEA66F /* SctockDetailViewController.swift in Sources */ = {isa = PBXBuildFile; fileRef = 76C1589E281AA58800CEA66F /* SctockDetailViewController.swift */; };
		76C158A1281AA76700CEA66F /* APICaller.swift in Sources */ = {isa = PBXBuildFile; fileRef = 76C158A0281AA76700CEA66F /* APICaller.swift */; };
		76C158A3281AA79800CEA66F /* PersistenceManager.swift in Sources */ = {isa = PBXBuildFile; fileRef = 76C158A2281AA79800CEA66F /* PersistenceManager.swift */; };
		76C158A5281AA7B500CEA66F /* HapticsManager.swift in Sources */ = {isa = PBXBuildFile; fileRef = 76C158A4281AA7B500CEA66F /* HapticsManager.swift */; };
/* End PBXBuildFile section */

/* Begin PBXFileReference section */
		76C1587E281A9B9600CEA66F /* StocksApp.app */ = {isa = PBXFileReference; explicitFileType = wrapper.application; includeInIndex = 0; path = StocksApp.app; sourceTree = BUILT_PRODUCTS_DIR; };
		76C15881281A9B9600CEA66F /* AppDelegate.swift */ = {isa = PBXFileReference; lastKnownFileType = sourcecode.swift; path = AppDelegate.swift; sourceTree = "<group>"; };
		76C15883281A9B9600CEA66F /* SceneDelegate.swift */ = {isa = PBXFileReference; lastKnownFileType = sourcecode.swift; path = SceneDelegate.swift; sourceTree = "<group>"; };
		76C15885281A9B9600CEA66F /* WatchListViewController.swift */ = {isa = PBXFileReference; lastKnownFileType = sourcecode.swift; path = WatchListViewController.swift; sourceTree = "<group>"; };
		76C1588A281A9B9800CEA66F /* Assets.xcassets */ = {isa = PBXFileReference; lastKnownFileType = folder.assetcatalog; path = Assets.xcassets; sourceTree = "<group>"; };
		76C1588D281A9B9800CEA66F /* Base */ = {isa = PBXFileReference; lastKnownFileType = file.storyboard; name = Base; path = Base.lproj/LaunchScreen.storyboard; sourceTree = "<group>"; };
		76C1588F281A9B9800CEA66F /* Info.plist */ = {isa = PBXFileReference; lastKnownFileType = text.plist.xml; path = Info.plist; sourceTree = "<group>"; };
		76C1589A281AA55500CEA66F /* TopStoriesNewsViewController.swift */ = {isa = PBXFileReference; lastKnownFileType = sourcecode.swift; path = TopStoriesNewsViewController.swift; sourceTree = "<group>"; };
		76C1589C281AA57100CEA66F /* SearchResultViewController.swift */ = {isa = PBXFileReference; lastKnownFileType = sourcecode.swift; path = SearchResultViewController.swift; sourceTree = "<group>"; };
		76C1589E281AA58800CEA66F /* SctockDetailViewController.swift */ = {isa = PBXFileReference; lastKnownFileType = sourcecode.swift; path = SctockDetailViewController.swift; sourceTree = "<group>"; };
		76C158A0281AA76700CEA66F /* APICaller.swift */ = {isa = PBXFileReference; lastKnownFileType = sourcecode.swift; path = APICaller.swift; sourceTree = "<group>"; };
		76C158A2281AA79800CEA66F /* PersistenceManager.swift */ = {isa = PBXFileReference; lastKnownFileType = sourcecode.swift; path = PersistenceManager.swift; sourceTree = "<group>"; };
		76C158A4281AA7B500CEA66F /* HapticsManager.swift */ = {isa = PBXFileReference; lastKnownFileType = sourcecode.swift; path = HapticsManager.swift; sourceTree = "<group>"; };
/* End PBXFileReference section */

/* Begin PBXFrameworksBuildPhase section */
		76C1587B281A9B9600CEA66F /* Frameworks */ = {
			isa = PBXFrameworksBuildPhase;
			buildActionMask = 2147483647;
			files = (
			);
			runOnlyForDeploymentPostprocessing = 0;
		};
/* End PBXFrameworksBuildPhase section */

/* Begin PBXGroup section */
		76C15875281A9B9600CEA66F = {
			isa = PBXGroup;
			children = (
				76C15880281A9B9600CEA66F /* StocksApp */,
				76C1587F281A9B9600CEA66F /* Products */,
			);
			sourceTree = "<group>";
		};
		76C1587F281A9B9600CEA66F /* Products */ = {
			isa = PBXGroup;
			children = (
				76C1587E281A9B9600CEA66F /* StocksApp.app */,
			);
			name = Products;
			sourceTree = "<group>";
		};
		76C15880281A9B9600CEA66F /* StocksApp */ = {
			isa = PBXGroup;
			children = (
				76C15899281AA48F00CEA66F /* Managers */,
				76C15898281AA48100CEA66F /* Other */,
				76C15897281A9BEF00CEA66F /* Controllers */,
				76C15896281A9BE600CEA66F /* Views */,
				76C15895281A9BDA00CEA66F /* Models */,
				76C1588F281A9B9800CEA66F /* Info.plist */,
			);
			path = StocksApp;
			sourceTree = "<group>";
		};
		76C15895281A9BDA00CEA66F /* Models */ = {
			isa = PBXGroup;
			children = (
			);
			path = Models;
			sourceTree = "<group>";
		};
		76C15896281A9BE600CEA66F /* Views */ = {
			isa = PBXGroup;
			children = (
				76C1588C281A9B9800CEA66F /* LaunchScreen.storyboard */,
			);
			path = Views;
			sourceTree = "<group>";
		};
		76C15897281A9BEF00CEA66F /* Controllers */ = {
			isa = PBXGroup;
			children = (
				76C15885281A9B9600CEA66F /* WatchListViewController.swift */,
				76C1589A281AA55500CEA66F /* TopStoriesNewsViewController.swift */,
				76C1589C281AA57100CEA66F /* SearchResultViewController.swift */,
				76C1589E281AA58800CEA66F /* SctockDetailViewController.swift */,
			);
			path = Controllers;
			sourceTree = "<group>";
		};
		76C15898281AA48100CEA66F /* Other */ = {
			isa = PBXGroup;
			children = (
				76C1588A281A9B9800CEA66F /* Assets.xcassets */,
				76C15881281A9B9600CEA66F /* AppDelegate.swift */,
				76C15883281A9B9600CEA66F /* SceneDelegate.swift */,
			);
			path = Other;
			sourceTree = "<group>";
		};
		76C15899281AA48F00CEA66F /* Managers */ = {
			isa = PBXGroup;
			children = (
				76C158A0281AA76700CEA66F /* APICaller.swift */,
				76C158A2281AA79800CEA66F /* PersistenceManager.swift */,
				76C158A4281AA7B500CEA66F /* HapticsManager.swift */,
			);
			path = Managers;
			sourceTree = "<group>";
		};
/* End PBXGroup section */

/* Begin PBXNativeTarget section */
		76C1587D281A9B9600CEA66F /* StocksApp */ = {
			isa = PBXNativeTarget;
			buildConfigurationList = 76C15892281A9B9800CEA66F /* Build configuration list for PBXNativeTarget "StocksApp" */;
			buildPhases = (
				76C1587A281A9B9600CEA66F /* Sources */,
				76C1587B281A9B9600CEA66F /* Frameworks */,
				76C1587C281A9B9600CEA66F /* Resources */,
			);
			buildRules = (
			);
			dependencies = (
			);
			name = StocksApp;
			productName = StocksApp;
			productReference = 76C1587E281A9B9600CEA66F /* StocksApp.app */;
			productType = "com.apple.product-type.application";
		};
/* End PBXNativeTarget section */

/* Begin PBXProject section */
		76C15876281A9B9600CEA66F /* Project object */ = {
			isa = PBXProject;
			attributes = {
				BuildIndependentTargetsInParallel = 1;
				LastSwiftUpdateCheck = 1330;
				LastUpgradeCheck = 1330;
				TargetAttributes = {
					76C1587D281A9B9600CEA66F = {
						CreatedOnToolsVersion = 13.3.1;
					};
				};
			};
			buildConfigurationList = 76C15879281A9B9600CEA66F /* Build configuration list for PBXProject "StocksApp" */;
			compatibilityVersion = "Xcode 13.0";
			developmentRegion = en;
			hasScannedForEncodings = 0;
			knownRegions = (
				en,
				Base,
			);
			mainGroup = 76C15875281A9B9600CEA66F;
			productRefGroup = 76C1587F281A9B9600CEA66F /* Products */;
			projectDirPath = "";
			projectRoot = "";
			targets = (
				76C1587D281A9B9600CEA66F /* StocksApp */,
			);
		};
/* End PBXProject section */

/* Begin PBXResourcesBuildPhase section */
		76C1587C281A9B9600CEA66F /* Resources */ = {
			isa = PBXResourcesBuildPhase;
			buildActionMask = 2147483647;
			files = (
				76C1588E281A9B9800CEA66F /* LaunchScreen.storyboard in Resources */,
				76C1588B281A9B9800CEA66F /* Assets.xcassets in Resources */,
			);
			runOnlyForDeploymentPostprocessing = 0;
		};
/* End PBXResourcesBuildPhase section */

/* Begin PBXSourcesBuildPhase section */
		76C1587A281A9B9600CEA66F /* Sources */ = {
			isa = PBXSourcesBuildPhase;
			buildActionMask = 2147483647;
			files = (
				76C158A5281AA7B500CEA66F /* HapticsManager.swift in Sources */,
				76C15886281A9B9600CEA66F /* WatchListViewController.swift in Sources */,
				76C1589B281AA55500CEA66F /* TopStoriesNewsViewController.swift in Sources */,
				76C1589D281AA57100CEA66F /* SearchResultViewController.swift in Sources */,
				76C158A3281AA79800CEA66F /* PersistenceManager.swift in Sources */,
				76C158A1281AA76700CEA66F /* APICaller.swift in Sources */,
				76C15882281A9B9600CEA66F /* AppDelegate.swift in Sources */,
				76C1589F281AA58800CEA66F /* SctockDetailViewController.swift in Sources */,
				76C15884281A9B9600CEA66F /* SceneDelegate.swift in Sources */,
			);
			runOnlyForDeploymentPostprocessing = 0;
		};
/* End PBXSourcesBuildPhase section */

/* Begin PBXVariantGroup section */
		76C1588C281A9B9800CEA66F /* LaunchScreen.storyboard */ = {
			isa = PBXVariantGroup;
			children = (
				76C1588D281A9B9800CEA66F /* Base */,
			);
			name = LaunchScreen.storyboard;
			sourceTree = "<group>";
		};
/* End PBXVariantGroup section */

/* Begin XCBuildConfiguration section */
		76C15890281A9B9800CEA66F /* Debug */ = {
			isa = XCBuildConfiguration;
			buildSettings = {
				ALWAYS_SEARCH_USER_PATHS = NO;
				CLANG_ANALYZER_NONNULL = YES;
				CLANG_ANALYZER_NUMBER_OBJECT_CONVERSION = YES_AGGRESSIVE;
				CLANG_CXX_LANGUAGE_STANDARD = "gnu++17";
				CLANG_ENABLE_MODULES = YES;
				CLANG_ENABLE_OBJC_ARC = YES;
				CLANG_ENABLE_OBJC_WEAK = YES;
				CLANG_WARN_BLOCK_CAPTURE_AUTORELEASING = YES;
				CLANG_WARN_BOOL_CONVERSION = YES;
				CLANG_WARN_COMMA = YES;
				CLANG_WARN_CONSTANT_CONVERSION = YES;
				CLANG_WARN_DEPRECATED_OBJC_IMPLEMENTATIONS = YES;
				CLANG_WARN_DIRECT_OBJC_ISA_USAGE = YES_ERROR;
				CLANG_WARN_DOCUMENTATION_COMMENTS = YES;
				CLANG_WARN_EMPTY_BODY = YES;
				CLANG_WARN_ENUM_CONVERSION = YES;
				CLANG_WARN_INFINITE_RECURSION = YES;
				CLANG_WARN_INT_CONVERSION = YES;
				CLANG_WARN_NON_LITERAL_NULL_CONVERSION = YES;
				CLANG_WARN_OBJC_IMPLICIT_RETAIN_SELF = YES;
				CLANG_WARN_OBJC_LITERAL_CONVERSION = YES;
				CLANG_WARN_OBJC_ROOT_CLASS = YES_ERROR;
				CLANG_WARN_QUOTED_INCLUDE_IN_FRAMEWORK_HEADER = YES;
				CLANG_WARN_RANGE_LOOP_ANALYSIS = YES;
				CLANG_WARN_STRICT_PROTOTYPES = YES;
				CLANG_WARN_SUSPICIOUS_MOVE = YES;
				CLANG_WARN_UNGUARDED_AVAILABILITY = YES_AGGRESSIVE;
				CLANG_WARN_UNREACHABLE_CODE = YES;
				CLANG_WARN__DUPLICATE_METHOD_MATCH = YES;
				COPY_PHASE_STRIP = NO;
				DEBUG_INFORMATION_FORMAT = dwarf;
				ENABLE_STRICT_OBJC_MSGSEND = YES;
				ENABLE_TESTABILITY = YES;
				GCC_C_LANGUAGE_STANDARD = gnu11;
				GCC_DYNAMIC_NO_PIC = NO;
				GCC_NO_COMMON_BLOCKS = YES;
				GCC_OPTIMIZATION_LEVEL = 0;
				GCC_PREPROCESSOR_DEFINITIONS = (
					"DEBUG=1",
					"$(inherited)",
				);
				GCC_WARN_64_TO_32_BIT_CONVERSION = YES;
				GCC_WARN_ABOUT_RETURN_TYPE = YES_ERROR;
				GCC_WARN_UNDECLARED_SELECTOR = YES;
				GCC_WARN_UNINITIALIZED_AUTOS = YES_AGGRESSIVE;
				GCC_WARN_UNUSED_FUNCTION = YES;
				GCC_WARN_UNUSED_VARIABLE = YES;
				IPHONEOS_DEPLOYMENT_TARGET = 15.4;
				MTL_ENABLE_DEBUG_INFO = INCLUDE_SOURCE;
				MTL_FAST_MATH = YES;
				ONLY_ACTIVE_ARCH = YES;
				SDKROOT = iphoneos;
				SWIFT_ACTIVE_COMPILATION_CONDITIONS = DEBUG;
				SWIFT_OPTIMIZATION_LEVEL = "-Onone";
			};
			name = Debug;
		};
		76C15891281A9B9800CEA66F /* Release */ = {
			isa = XCBuildConfiguration;
			buildSettings = {
				ALWAYS_SEARCH_USER_PATHS = NO;
				CLANG_ANALYZER_NONNULL = YES;
				CLANG_ANALYZER_NUMBER_OBJECT_CONVERSION = YES_AGGRESSIVE;
				CLANG_CXX_LANGUAGE_STANDARD = "gnu++17";
				CLANG_ENABLE_MODULES = YES;
				CLANG_ENABLE_OBJC_ARC = YES;
				CLANG_ENABLE_OBJC_WEAK = YES;
				CLANG_WARN_BLOCK_CAPTURE_AUTORELEASING = YES;
				CLANG_WARN_BOOL_CONVERSION = YES;
				CLANG_WARN_COMMA = YES;
				CLANG_WARN_CONSTANT_CONVERSION = YES;
				CLANG_WARN_DEPRECATED_OBJC_IMPLEMENTATIONS = YES;
				CLANG_WARN_DIRECT_OBJC_ISA_USAGE = YES_ERROR;
				CLANG_WARN_DOCUMENTATION_COMMENTS = YES;
				CLANG_WARN_EMPTY_BODY = YES;
				CLANG_WARN_ENUM_CONVERSION = YES;
				CLANG_WARN_INFINITE_RECURSION = YES;
				CLANG_WARN_INT_CONVERSION = YES;
				CLANG_WARN_NON_LITERAL_NULL_CONVERSION = YES;
				CLANG_WARN_OBJC_IMPLICIT_RETAIN_SELF = YES;
				CLANG_WARN_OBJC_LITERAL_CONVERSION = YES;
				CLANG_WARN_OBJC_ROOT_CLASS = YES_ERROR;
				CLANG_WARN_QUOTED_INCLUDE_IN_FRAMEWORK_HEADER = YES;
				CLANG_WARN_RANGE_LOOP_ANALYSIS = YES;
				CLANG_WARN_STRICT_PROTOTYPES = YES;
				CLANG_WARN_SUSPICIOUS_MOVE = YES;
				CLANG_WARN_UNGUARDED_AVAILABILITY = YES_AGGRESSIVE;
				CLANG_WARN_UNREACHABLE_CODE = YES;
				CLANG_WARN__DUPLICATE_METHOD_MATCH = YES;
				COPY_PHASE_STRIP = NO;
				DEBUG_INFORMATION_FORMAT = "dwarf-with-dsym";
				ENABLE_NS_ASSERTIONS = NO;
				ENABLE_STRICT_OBJC_MSGSEND = YES;
				GCC_C_LANGUAGE_STANDARD = gnu11;
				GCC_NO_COMMON_BLOCKS = YES;
				GCC_WARN_64_TO_32_BIT_CONVERSION = YES;
				GCC_WARN_ABOUT_RETURN_TYPE = YES_ERROR;
				GCC_WARN_UNDECLARED_SELECTOR = YES;
				GCC_WARN_UNINITIALIZED_AUTOS = YES_AGGRESSIVE;
				GCC_WARN_UNUSED_FUNCTION = YES;
				GCC_WARN_UNUSED_VARIABLE = YES;
				IPHONEOS_DEPLOYMENT_TARGET = 15.4;
				MTL_ENABLE_DEBUG_INFO = NO;
				MTL_FAST_MATH = YES;
				SDKROOT = iphoneos;
				SWIFT_COMPILATION_MODE = wholemodule;
				SWIFT_OPTIMIZATION_LEVEL = "-O";
				VALIDATE_PRODUCT = YES;
			};
			name = Release;
		};
		76C15893281A9B9800CEA66F /* Debug */ = {
			isa = XCBuildConfiguration;
			buildSettings = {
				ASSETCATALOG_COMPILER_APPICON_NAME = AppIcon;
				ASSETCATALOG_COMPILER_GLOBAL_ACCENT_COLOR_NAME = AccentColor;
				CODE_SIGN_STYLE = Automatic;
				CURRENT_PROJECT_VERSION = 1;
				DEVELOPMENT_TEAM = 97RMPGAK3X;
				GENERATE_INFOPLIST_FILE = YES;
				INFOPLIST_FILE = StocksApp/Info.plist;
				INFOPLIST_KEY_UIApplicationSupportsIndirectInputEvents = YES;
				INFOPLIST_KEY_UILaunchStoryboardName = LaunchScreen;
				INFOPLIST_KEY_UISupportedInterfaceOrientations = UIInterfaceOrientationPortrait;
				INFOPLIST_KEY_UISupportedInterfaceOrientations_iPad = "UIInterfaceOrientationPortrait UIInterfaceOrientationPortraitUpsideDown UIInterfaceOrientationLandscapeLeft UIInterfaceOrientationLandscapeRight";
				INFOPLIST_KEY_UISupportedInterfaceOrientations_iPhone = "UIInterfaceOrientationPortrait UIInterfaceOrientationLandscapeLeft UIInterfaceOrientationLandscapeRight";
				IPHONEOS_DEPLOYMENT_TARGET = 13.0;
				LD_RUNPATH_SEARCH_PATHS = (
					"$(inherited)",
					"@executable_path/Frameworks",
				);
				MARKETING_VERSION = 1.0;
				PRODUCT_BUNDLE_IDENTIFIER = com.aduvanteam.StocksApp;
				PRODUCT_NAME = "$(TARGET_NAME)";
				SWIFT_EMIT_LOC_STRINGS = YES;
				SWIFT_VERSION = 5.0;
				TARGETED_DEVICE_FAMILY = 1;
			};
			name = Debug;
		};
		76C15894281A9B9800CEA66F /* Release */ = {
			isa = XCBuildConfiguration;
			buildSettings = {
				ASSETCATALOG_COMPILER_APPICON_NAME = AppIcon;
				ASSETCATALOG_COMPILER_GLOBAL_ACCENT_COLOR_NAME = AccentColor;
				CODE_SIGN_STYLE = Automatic;
				CURRENT_PROJECT_VERSION = 1;
				DEVELOPMENT_TEAM = 97RMPGAK3X;
				GENERATE_INFOPLIST_FILE = YES;
				INFOPLIST_FILE = StocksApp/Info.plist;
				INFOPLIST_KEY_UIApplicationSupportsIndirectInputEvents = YES;
				INFOPLIST_KEY_UILaunchStoryboardName = LaunchScreen;
				INFOPLIST_KEY_UISupportedInterfaceOrientations = UIInterfaceOrientationPortrait;
				INFOPLIST_KEY_UISupportedInterfaceOrientations_iPad = "UIInterfaceOrientationPortrait UIInterfaceOrientationPortraitUpsideDown UIInterfaceOrientationLandscapeLeft UIInterfaceOrientationLandscapeRight";
				INFOPLIST_KEY_UISupportedInterfaceOrientations_iPhone = "UIInterfaceOrientationPortrait UIInterfaceOrientationLandscapeLeft UIInterfaceOrientationLandscapeRight";
				IPHONEOS_DEPLOYMENT_TARGET = 13.0;
				LD_RUNPATH_SEARCH_PATHS = (
					"$(inherited)",
					"@executable_path/Frameworks",
				);
				MARKETING_VERSION = 1.0;
				PRODUCT_BUNDLE_IDENTIFIER = com.aduvanteam.StocksApp;
				PRODUCT_NAME = "$(TARGET_NAME)";
				SWIFT_EMIT_LOC_STRINGS = YES;
				SWIFT_VERSION = 5.0;
				TARGETED_DEVICE_FAMILY = 1;
			};
			name = Release;
		};
/* End XCBuildConfiguration section */

/* Begin XCConfigurationList section */
		76C15879281A9B9600CEA66F /* Build configuration list for PBXProject "StocksApp" */ = {
			isa = XCConfigurationList;
			buildConfigurations = (
				76C15890281A9B9800CEA66F /* Debug */,
				76C15891281A9B9800CEA66F /* Release */,
			);
			defaultConfigurationIsVisible = 0;
			defaultConfigurationName = Release;
		};
		76C15892281A9B9800CEA66F /* Build configuration list for PBXNativeTarget "StocksApp" */ = {
			isa = XCConfigurationList;
			buildConfigurations = (
				76C15893281A9B9800CEA66F /* Debug */,
				76C15894281A9B9800CEA66F /* Release */,
			);
			defaultConfigurationIsVisible = 0;
			defaultConfigurationName = Release;
		};
/* End XCConfigurationList section */
	};
	rootObject = 76C15876281A9B9600CEA66F /* Project object */;
}
